
Microsoft Visual Studio Solution File, Format Version 12.00
# Visual Studio Version 18
VisualStudioVersion = 18.0.11109.219
MinimumVisualStudioVersion = 10.0.40219.1
Project("{2150E333-8FDC-42A3-9474-1A3956D46DE8}") = "Solution Items", "Solution Items", "{5EA58822-E1AA-464E-BB51-71177430121B}"
	ProjectSection(SolutionItems) = preProject
		.editorconfig = .editorconfig
		licence.md = licence.md
		README.md = README.md
	EndProjectSection
EndProject
Project("{00D1A9C2-B5F0-4AF3-8072-F6C62B433612}") = "BusTrackerDb", "BusTrackerDb\BusTrackerDb.sqlproj", "{04DEB276-6D60-4A10-B16A-49FD4D702931}"
EndProject
Project("{FAE04EC0-301F-11D3-BF4B-00C04F79EFBC}") = "BusTrackerWJKeepAlive", "BusTrackerWJKeepAlive\BusTrackerWJKeepAlive.csproj", "{058F545E-8F5D-420A-A5FD-B814229BC7D3}"
EndProject
Project("{E24C65DC-7377-472B-9ABA-BC803B73C61A}") = "BusTrackerUI", "BusTrackerUI\", "{D85550DE-2CC3-4B70-85DB-4B3913A1E4EA}"
	ProjectSection(WebsiteProperties) = preProject
		TargetFrameworkMoniker = ".NETFramework,Version%3Dv4.8"
		Debug.AspNetCompiler.VirtualPath = "/localhost_65047"
		Debug.AspNetCompiler.PhysicalPath = "BusTrackerUI\"
		Debug.AspNetCompiler.TargetPath = "PrecompiledWeb\localhost_65047\"
		Debug.AspNetCompiler.Updateable = "true"
		Debug.AspNetCompiler.ForceOverwrite = "true"
		Debug.AspNetCompiler.FixedNames = "false"
		Debug.AspNetCompiler.Debug = "True"
		Release.AspNetCompiler.VirtualPath = "/localhost_65047"
		Release.AspNetCompiler.PhysicalPath = "BusTrackerUI\"
		Release.AspNetCompiler.TargetPath = "PrecompiledWeb\localhost_65047\"
		Release.AspNetCompiler.Updateable = "true"
		Release.AspNetCompiler.ForceOverwrite = "true"
		Release.AspNetCompiler.FixedNames = "false"
		Release.AspNetCompiler.Debug = "False"
		VWDPort = "65047"
		SlnRelativePath = "BusTrackerUI\"
	EndProjectSection
EndProject
Project("{FAE04EC0-301F-11D3-BF4B-00C04F79EFBC}") = "BusTrackerWJOperatorRoutes", "BusTrackerWJOperatorRoutes\BusTrackerWJOperatorRoutes.csproj", "{4A58102B-65C2-46FA-810D-7773176B0D46}"
EndProject
Project("{FAE04EC0-301F-11D3-BF4B-00C04F79EFBC}") = "BusTrackerWJTflStops", "BusTrackerWJTflStops\BusTrackerWJTflStops.csproj", "{8B852772-873A-4213-BC04-08E740C7E53D}"
EndProject
Project("{FAE04EC0-301F-11D3-BF4B-00C04F79EFBC}") = "BusTrackerServices", "BusTrackerServices\BusTrackerServices.csproj", "{112D2DB6-1C44-73D8-3788-A507EACEA330}"
EndProject
Project("{FAE04EC0-301F-11D3-BF4B-00C04F79EFBC}") = "BusTrackerServices.Tests.Unit", "BusTrackerServices.Tests.Unit\BusTrackerServices.Tests.Unit.csproj", "{9522FA97-DEDD-4639-B173-3F53F7763E84}"
EndProject
Project("{FAE04EC0-301F-11D3-BF4B-00C04F79EFBC}") = "NaPTAN", "..\DataAnnotation\NaPTAN-JSON\NaPTAN.csproj", "{FE958BEC-B2F2-E6E0-CF27-FA1560A89DA3}"
EndProject
Project("{FAE04EC0-301F-11D3-BF4B-00C04F79EFBC}") = "DataCaptureTFLOBuses", "DataCaptureTFLOBuses\DataCaptureTFLOBuses.csproj", "{2014EF0E-FB4E-0F72-DBA8-4D36C195BAE4}"
EndProject
Project("{FAE04EC0-301F-11D3-BF4B-00C04F79EFBC}") = "DataCapture", "DataCapture\DataCapture.csproj", "{6DF7CA9F-F8BC-67AB-FA76-FD0A6CCBDF17}"
EndProject
Project("{2150E333-8FDC-42A3-9474-1A3956D46DE8}") = "workflows", "workflows", "{5AE3C27A-5A86-4B83-81AE-C46CE4057726}"
	ProjectSection(SolutionItems) = preProject
		.github\workflows\deploy-web.yml = .github\workflows\deploy-web.yml
		.github\workflows\deploy_api.yml = .github\workflows\deploy_api.yml
	EndProjectSection
EndProject
Global
	GlobalSection(SolutionConfigurationPlatforms) = preSolution
		Debug|Any CPU = Debug|Any CPU
		Release|Any CPU = Release|Any CPU
		Staging|Any CPU = Staging|Any CPU
		Test|Any CPU = Test|Any CPU
	EndGlobalSection
	GlobalSection(ProjectConfigurationPlatforms) = postSolution
		{04DEB276-6D60-4A10-B16A-49FD4D702931}.Debug|Any CPU.ActiveCfg = Debug|Any CPU
		{04DEB276-6D60-4A10-B16A-49FD4D702931}.Debug|Any CPU.Build.0 = Debug|Any CPU
		{04DEB276-6D60-4A10-B16A-49FD4D702931}.Debug|Any CPU.Deploy.0 = Debug|Any CPU
		{04DEB276-6D60-4A10-B16A-49FD4D702931}.Release|Any CPU.ActiveCfg = Release|Any CPU
		{04DEB276-6D60-4A10-B16A-49FD4D702931}.Release|Any CPU.Build.0 = Release|Any CPU
		{04DEB276-6D60-4A10-B16A-49FD4D702931}.Release|Any CPU.Deploy.0 = Release|Any CPU
		{04DEB276-6D60-4A10-B16A-49FD4D702931}.Staging|Any CPU.ActiveCfg = Staging|Any CPU
		{04DEB276-6D60-4A10-B16A-49FD4D702931}.Staging|Any CPU.Build.0 = Staging|Any CPU
		{04DEB276-6D60-4A10-B16A-49FD4D702931}.Staging|Any CPU.Deploy.0 = Staging|Any CPU
		{04DEB276-6D60-4A10-B16A-49FD4D702931}.Test|Any CPU.ActiveCfg = Test|Any CPU
		{04DEB276-6D60-4A10-B16A-49FD4D702931}.Test|Any CPU.Build.0 = Test|Any CPU
		{04DEB276-6D60-4A10-B16A-49FD4D702931}.Test|Any CPU.Deploy.0 = Test|Any CPU
		{058F545E-8F5D-420A-A5FD-B814229BC7D3}.Debug|Any CPU.ActiveCfg = Debug|Any CPU
		{058F545E-8F5D-420A-A5FD-B814229BC7D3}.Debug|Any CPU.Build.0 = Debug|Any CPU
		{058F545E-8F5D-420A-A5FD-B814229BC7D3}.Release|Any CPU.ActiveCfg = Release|Any CPU
		{058F545E-8F5D-420A-A5FD-B814229BC7D3}.Release|Any CPU.Build.0 = Release|Any CPU
		{058F545E-8F5D-420A-A5FD-B814229BC7D3}.Staging|Any CPU.ActiveCfg = Staging|Any CPU
		{058F545E-8F5D-420A-A5FD-B814229BC7D3}.Staging|Any CPU.Build.0 = Staging|Any CPU
		{058F545E-8F5D-420A-A5FD-B814229BC7D3}.Test|Any CPU.ActiveCfg = Test|Any CPU
		{058F545E-8F5D-420A-A5FD-B814229BC7D3}.Test|Any CPU.Build.0 = Test|Any CPU
		{D85550DE-2CC3-4B70-85DB-4B3913A1E4EA}.Debug|Any CPU.ActiveCfg = Debug|Any CPU
		{D85550DE-2CC3-4B70-85DB-4B3913A1E4EA}.Debug|Any CPU.Build.0 = Debug|Any CPU
		{D85550DE-2CC3-4B70-85DB-4B3913A1E4EA}.Release|Any CPU.ActiveCfg = Debug|Any CPU
		{D85550DE-2CC3-4B70-85DB-4B3913A1E4EA}.Release|Any CPU.Build.0 = Debug|Any CPU
		{D85550DE-2CC3-4B70-85DB-4B3913A1E4EA}.Staging|Any CPU.ActiveCfg = Debug|Any CPU
		{D85550DE-2CC3-4B70-85DB-4B3913A1E4EA}.Staging|Any CPU.Build.0 = Debug|Any CPU
		{D85550DE-2CC3-4B70-85DB-4B3913A1E4EA}.Test|Any CPU.ActiveCfg = Debug|Any CPU
		{D85550DE-2CC3-4B70-85DB-4B3913A1E4EA}.Test|Any CPU.Build.0 = Debug|Any CPU
		{4A58102B-65C2-46FA-810D-7773176B0D46}.Debug|Any CPU.ActiveCfg = Debug|Any CPU
		{4A58102B-65C2-46FA-810D-7773176B0D46}.Debug|Any CPU.Build.0 = Debug|Any CPU
		{4A58102B-65C2-46FA-810D-7773176B0D46}.Release|Any CPU.ActiveCfg = Release|Any CPU
		{4A58102B-65C2-46FA-810D-7773176B0D46}.Release|Any CPU.Build.0 = Release|Any CPU
		{4A58102B-65C2-46FA-810D-7773176B0D46}.Staging|Any CPU.ActiveCfg = Staging|Any CPU
		{4A58102B-65C2-46FA-810D-7773176B0D46}.Staging|Any CPU.Build.0 = Staging|Any CPU
		{4A58102B-65C2-46FA-810D-7773176B0D46}.Test|Any CPU.ActiveCfg = Test|Any CPU
		{4A58102B-65C2-46FA-810D-7773176B0D46}.Test|Any CPU.Build.0 = Test|Any CPU
		{8B852772-873A-4213-BC04-08E740C7E53D}.Debug|Any CPU.ActiveCfg = Debug|Any CPU
		{8B852772-873A-4213-BC04-08E740C7E53D}.Debug|Any CPU.Build.0 = Debug|Any CPU
		{8B852772-873A-4213-BC04-08E740C7E53D}.Release|Any CPU.ActiveCfg = Release|Any CPU
		{8B852772-873A-4213-BC04-08E740C7E53D}.Release|Any CPU.Build.0 = Release|Any CPU
		{8B852772-873A-4213-BC04-08E740C7E53D}.Staging|Any CPU.ActiveCfg = Staging|Any CPU
		{8B852772-873A-4213-BC04-08E740C7E53D}.Staging|Any CPU.Build.0 = Staging|Any CPU
		{8B852772-873A-4213-BC04-08E740C7E53D}.Test|Any CPU.ActiveCfg = Test|Any CPU
		{8B852772-873A-4213-BC04-08E740C7E53D}.Test|Any CPU.Build.0 = Test|Any CPU
		{112D2DB6-1C44-73D8-3788-A507EACEA330}.Debug|Any CPU.ActiveCfg = Debug|Any CPU
		{112D2DB6-1C44-73D8-3788-A507EACEA330}.Debug|Any CPU.Build.0 = Debug|Any CPU
		{112D2DB6-1C44-73D8-3788-A507EACEA330}.Release|Any CPU.ActiveCfg = Release|Any CPU
		{112D2DB6-1C44-73D8-3788-A507EACEA330}.Release|Any CPU.Build.0 = Release|Any CPU
		{112D2DB6-1C44-73D8-3788-A507EACEA330}.Staging|Any CPU.ActiveCfg = Staging|Any CPU
		{112D2DB6-1C44-73D8-3788-A507EACEA330}.Staging|Any CPU.Build.0 = Staging|Any CPU
		{112D2DB6-1C44-73D8-3788-A507EACEA330}.Test|Any CPU.ActiveCfg = Test|Any CPU
		{112D2DB6-1C44-73D8-3788-A507EACEA330}.Test|Any CPU.Build.0 = Test|Any CPU
		{9522FA97-DEDD-4639-B173-3F53F7763E84}.Debug|Any CPU.ActiveCfg = Debug|Any CPU
		{9522FA97-DEDD-4639-B173-3F53F7763E84}.Debug|Any CPU.Build.0 = Debug|Any CPU
		{9522FA97-DEDD-4639-B173-3F53F7763E84}.Release|Any CPU.ActiveCfg = Release|Any CPU
		{9522FA97-DEDD-4639-B173-3F53F7763E84}.Release|Any CPU.Build.0 = Release|Any CPU
		{9522FA97-DEDD-4639-B173-3F53F7763E84}.Staging|Any CPU.ActiveCfg = Release|Any CPU
		{9522FA97-DEDD-4639-B173-3F53F7763E84}.Staging|Any CPU.Build.0 = Release|Any CPU
		{9522FA97-DEDD-4639-B173-3F53F7763E84}.Test|Any CPU.ActiveCfg = Debug|Any CPU
		{9522FA97-DEDD-4639-B173-3F53F7763E84}.Test|Any CPU.Build.0 = Debug|Any CPU
		{FE958BEC-B2F2-E6E0-CF27-FA1560A89DA3}.Debug|Any CPU.ActiveCfg = Debug|Any CPU
		{FE958BEC-B2F2-E6E0-CF27-FA1560A89DA3}.Debug|Any CPU.Build.0 = Debug|Any CPU
		{FE958BEC-B2F2-E6E0-CF27-FA1560A89DA3}.Release|Any CPU.ActiveCfg = Release|Any CPU
		{FE958BEC-B2F2-E6E0-CF27-FA1560A89DA3}.Release|Any CPU.Build.0 = Release|Any CPU
		{FE958BEC-B2F2-E6E0-CF27-FA1560A89DA3}.Staging|Any CPU.ActiveCfg = Release|Any CPU
		{FE958BEC-B2F2-E6E0-CF27-FA1560A89DA3}.Staging|Any CPU.Build.0 = Release|Any CPU
		{FE958BEC-B2F2-E6E0-CF27-FA1560A89DA3}.Test|Any CPU.ActiveCfg = Debug|Any CPU
		{FE958BEC-B2F2-E6E0-CF27-FA1560A89DA3}.Test|Any CPU.Build.0 = Debug|Any CPU
		{2014EF0E-FB4E-0F72-DBA8-4D36C195BAE4}.Debug|Any CPU.ActiveCfg = Debug|Any CPU
		{2014EF0E-FB4E-0F72-DBA8-4D36C195BAE4}.Debug|Any CPU.Build.0 = Debug|Any CPU
		{2014EF0E-FB4E-0F72-DBA8-4D36C195BAE4}.Release|Any CPU.ActiveCfg = Release|Any CPU
		{2014EF0E-FB4E-0F72-DBA8-4D36C195BAE4}.Release|Any CPU.Build.0 = Release|Any CPU
		{2014EF0E-FB4E-0F72-DBA8-4D36C195BAE4}.Staging|Any CPU.ActiveCfg = Release|Any CPU
		{2014EF0E-FB4E-0F72-DBA8-4D36C195BAE4}.Staging|Any CPU.Build.0 = Release|Any CPU
		{2014EF0E-FB4E-0F72-DBA8-4D36C195BAE4}.Test|Any CPU.ActiveCfg = Debug|Any CPU
		{2014EF0E-FB4E-0F72-DBA8-4D36C195BAE4}.Test|Any CPU.Build.0 = Debug|Any CPU
		{6DF7CA9F-F8BC-67AB-FA76-FD0A6CCBDF17}.Debug|Any CPU.ActiveCfg = Debug|Any CPU
		{6DF7CA9F-F8BC-67AB-FA76-FD0A6CCBDF17}.Debug|Any CPU.Build.0 = Debug|Any CPU
		{6DF7CA9F-F8BC-67AB-FA76-FD0A6CCBDF17}.Release|Any CPU.ActiveCfg = Release|Any CPU
		{6DF7CA9F-F8BC-67AB-FA76-FD0A6CCBDF17}.Release|Any CPU.Build.0 = Release|Any CPU
		{6DF7CA9F-F8BC-67AB-FA76-FD0A6CCBDF17}.Staging|Any CPU.ActiveCfg = Release|Any CPU
		{6DF7CA9F-F8BC-67AB-FA76-FD0A6CCBDF17}.Staging|Any CPU.Build.0 = Release|Any CPU
		{6DF7CA9F-F8BC-67AB-FA76-FD0A6CCBDF17}.Test|Any CPU.ActiveCfg = Debug|Any CPU
		{6DF7CA9F-F8BC-67AB-FA76-FD0A6CCBDF17}.Test|Any CPU.Build.0 = Debug|Any CPU
	EndGlobalSection
	GlobalSection(SolutionProperties) = preSolution
		HideSolutionNode = FALSE
	EndGlobalSection
	GlobalSection(NestedProjects) = preSolution
		{5AE3C27A-5A86-4B83-81AE-C46CE4057726} = {5EA58822-E1AA-464E-BB51-71177430121B}
	EndGlobalSection
	GlobalSection(ExtensibilityGlobals) = postSolution
		SolutionGuid = {ACF7B53D-9F07-4AC5-BDEB-3DDE9C06C0D3}
	EndGlobalSection
EndGlobal
