
Microsoft Visual Studio Solution File, Format Version 12.00
# Visual Studio Version 17
VisualStudioVersion = 17.8.34004.107
MinimumVisualStudioVersion = 10.0.40219.1
Project("{9A19103F-16F7-4668-BE54-9A1E7A4F7556}") = "BusTrackerServices", "BusTrackerServices\BusTrackerServices.csproj", "{BE16D348-5209-4244-9A8B-5DDA5FBBDDAF}"
EndProject
Project("{E24C65DC-7377-472B-9ABA-BC803B73C61A}") = "BusTrackerUI", "BusTrackerUI\", "{D85550DE-2CC3-4B70-85DB-4B3913A1E4EA}"
	ProjectSection(WebsiteProperties) = preProject
		TargetFrameworkMoniker = ".NETFramework,Version%3Dv4.0"
		Debug.AspNetCompiler.VirtualPath = "/localhost_65047"
		Debug.AspNetCompiler.PhysicalPath = "BusTrackerUI\"
		Debug.AspNetCompiler.TargetPath = "PrecompiledWeb\localhost_65047\"
		Debug.AspNetCompiler.Updateable = "true"
		Debug.AspNetCompiler.ForceOverwrite = "true"
		Debug.AspNetCompiler.FixedNames = "false"
		Debug.AspNetCompiler.Debug = "True"
		Release.AspNetCompiler.VirtualPath = "/localhost_65047"
		Release.AspNetCompiler.PhysicalPath = "BusTrackerUI\"
		Release.AspNetCompiler.TargetPath = "PrecompiledWeb\localhost_65047\"
		Release.AspNetCompiler.Updateable = "true"
		Release.AspNetCompiler.ForceOverwrite = "true"
		Release.AspNetCompiler.FixedNames = "false"
		Release.AspNetCompiler.Debug = "False"
		VWDPort = "65047"
		SlnRelativePath = "BusTrackerUI\"
	EndProjectSection
EndProject
Global
	GlobalSection(SolutionConfigurationPlatforms) = preSolution
		Debug|Any CPU = Debug|Any CPU
		Release|Any CPU = Release|Any CPU
	EndGlobalSection
	GlobalSection(ProjectConfigurationPlatforms) = postSolution
		{BE16D348-5209-4244-9A8B-5DDA5FBBDDAF}.Debug|Any CPU.ActiveCfg = Debug|Any CPU
		{BE16D348-5209-4244-9A8B-5DDA5FBBDDAF}.Debug|Any CPU.Build.0 = Debug|Any CPU
		{BE16D348-5209-4244-9A8B-5DDA5FBBDDAF}.Release|Any CPU.ActiveCfg = Release|Any CPU
		{BE16D348-5209-4244-9A8B-5DDA5FBBDDAF}.Release|Any CPU.Build.0 = Release|Any CPU
		{D85550DE-2CC3-4B70-85DB-4B3913A1E4EA}.Debug|Any CPU.ActiveCfg = Debug|Any CPU
		{D85550DE-2CC3-4B70-85DB-4B3913A1E4EA}.Debug|Any CPU.Build.0 = Debug|Any CPU
		{D85550DE-2CC3-4B70-85DB-4B3913A1E4EA}.Release|Any CPU.ActiveCfg = Debug|Any CPU
		{D85550DE-2CC3-4B70-85DB-4B3913A1E4EA}.Release|Any CPU.Build.0 = Debug|Any CPU
	EndGlobalSection
	GlobalSection(SolutionProperties) = preSolution
		HideSolutionNode = FALSE
	EndGlobalSection
	GlobalSection(ExtensibilityGlobals) = postSolution
		SolutionGuid = {ACF7B53D-9F07-4AC5-BDEB-3DDE9C06C0D3}
	EndGlobalSection
EndGlobal
